
Microsoft Visual Studio Solution File, Format Version 12.00
# Visual Studio Version 16
VisualStudioVersion = 16.0.30711.63
MinimumVisualStudioVersion = 10.0.40219.1
Project("{FAE04EC0-301F-11D3-BF4B-00C04F79EFBC}") = "Cenium.Pos.Test", "Cenium.Pos.Test\Cenium.Pos.Test.csproj", "{D1311004-E3CC-468E-A044-EFACBDE4DE0C}"
EndProject
Global
	GlobalSection(SolutionConfigurationPlatforms) = preSolution
		Debug|Any CPU = Debug|Any CPU
		Release|Any CPU = Release|Any CPU
	EndGlobalSection
	GlobalSection(ProjectConfigurationPlatforms) = postSolution
		{D1311004-E3CC-468E-A044-EFACBDE4DE0C}.Debug|Any CPU.ActiveCfg = Debug|Any CPU
		{D1311004-E3CC-468E-A044-EFACBDE4DE0C}.Debug|Any CPU.Build.0 = Debug|Any CPU
		{D1311004-E3CC-468E-A044-EFACBDE4DE0C}.Release|Any CPU.ActiveCfg = Release|Any CPU
		{D1311004-E3CC-468E-A044-EFACBDE4DE0C}.Release|Any CPU.Build.0 = Release|Any CPU
	EndGlobalSection
	GlobalSection(SolutionProperties) = preSolution
		HideSolutionNode = FALSE
	EndGlobalSection
	GlobalSection(ExtensibilityGlobals) = postSolution
		SolutionGuid = {91061349-8C0A-4BFE-BC57-4CDCADF8BEF2}
	EndGlobalSection
EndGlobal
